{
  "object": {
    "pins": [
      {
        "package": "Nimble",
        "repositoryURL": "https://github.com/Quick/Nimble",
        "state": {
          "branch": null,
          "revision": "7a46a5fc86cb917f69e3daf79fcb045283d8f008",
          "version": "8.1.2"
        }
      },
      {
        "package": "Quick",
        "repositoryURL": "https://github.com/Quick/Quick",
        "state": {
          "branch": null,
          "revision": "0038bcbab4292f3b028632556507c124e5ba69f3",
          "version": "3.0.0"
        }
      },
      {
        "package": "SnapKit",
        "repositoryURL": "https://github.com/SnapKit/SnapKit",
        "state": {
          "branch": null,
          "revision": "d458564516e5676af9c70b4f4b2a9178294f1bc6",
          "version": "5.0.1"
        }
      },
      {
        "package": "SpecTools",
        "repositoryURL": "https://github.com/manGoweb/SpecTools",
        "state": {
          "branch": "swiftui",
          "revision": "a645b500e239f64d5714e32c35d9168ba8ae6f4e",
          "version": null
        }
      }
    ]
  },
  "version": 1
}
